
Microsoft Visual Studio Solution File, Format Version 12.00
# Visual Studio 15
VisualStudioVersion = 15.0.28010.2041
MinimumVisualStudioVersion = 10.0.40219.1
Project("{FAE04EC0-301F-11D3-BF4B-00C04F79EFBC}") = "MCON_368_Asgn04", "ConsoleApp2\MCON_368_Asgn04.csproj", "{E02500BD-DC29-4ED9-BF50-5D8CA32D7D3A}"
EndProject
Project("{FAE04EC0-301F-11D3-BF4B-00C04F79EFBC}") = "ConsoleApp1", "ConsoleApp1\ConsoleApp1.csproj", "{A1CEA3FB-9175-49E9-A769-3D782C84BFEB}"
EndProject
Global
	GlobalSection(SolutionConfigurationPlatforms) = preSolution
		Debug|Any CPU = Debug|Any CPU
		Release|Any CPU = Release|Any CPU
	EndGlobalSection
	GlobalSection(ProjectConfigurationPlatforms) = postSolution
		{E02500BD-DC29-4ED9-BF50-5D8CA32D7D3A}.Debug|Any CPU.ActiveCfg = Debug|Any CPU
		{E02500BD-DC29-4ED9-BF50-5D8CA32D7D3A}.Debug|Any CPU.Build.0 = Debug|Any CPU
		{E02500BD-DC29-4ED9-BF50-5D8CA32D7D3A}.Release|Any CPU.ActiveCfg = Release|Any CPU
		{E02500BD-DC29-4ED9-BF50-5D8CA32D7D3A}.Release|Any CPU.Build.0 = Release|Any CPU
		{A1CEA3FB-9175-49E9-A769-3D782C84BFEB}.Debug|Any CPU.ActiveCfg = Debug|Any CPU
		{A1CEA3FB-9175-49E9-A769-3D782C84BFEB}.Debug|Any CPU.Build.0 = Debug|Any CPU
		{A1CEA3FB-9175-49E9-A769-3D782C84BFEB}.Release|Any CPU.ActiveCfg = Release|Any CPU
		{A1CEA3FB-9175-49E9-A769-3D782C84BFEB}.Release|Any CPU.Build.0 = Release|Any CPU
	EndGlobalSection
	GlobalSection(SolutionProperties) = preSolution
		HideSolutionNode = FALSE
	EndGlobalSection
	GlobalSection(ExtensibilityGlobals) = postSolution
		SolutionGuid = {7F194BDF-CD8A-4496-9B6B-9E9A9E1B52A2}
	EndGlobalSection
EndGlobal
